
Microsoft Visual Studio Solution File, Format Version 12.00
# Visual Studio Version 17
VisualStudioVersion = 17.2.32519.379
MinimumVisualStudioVersion = 10.0.40219.1
Project("{FAE04EC0-301F-11D3-BF4B-00C04F79EFBC}") = "Star_Building_App", "Star_Building_App.csproj", "{1E318A9C-39A2-4D6E-B242-D0BF60EDD442}"
EndProject
Global
	GlobalSection(SolutionConfigurationPlatforms) = preSolution
		Debug|Any CPU = Debug|Any CPU
		Release|Any CPU = Release|Any CPU
	EndGlobalSection
	GlobalSection(ProjectConfigurationPlatforms) = postSolution
		{1E318A9C-39A2-4D6E-B242-D0BF60EDD442}.Debug|Any CPU.ActiveCfg = Debug|Any CPU
		{1E318A9C-39A2-4D6E-B242-D0BF60EDD442}.Debug|Any CPU.Build.0 = Debug|Any CPU
		{1E318A9C-39A2-4D6E-B242-D0BF60EDD442}.Release|Any CPU.ActiveCfg = Release|Any CPU
		{1E318A9C-39A2-4D6E-B242-D0BF60EDD442}.Release|Any CPU.Build.0 = Release|Any CPU
	EndGlobalSection
	GlobalSection(SolutionProperties) = preSolution
		HideSolutionNode = FALSE
	EndGlobalSection
	GlobalSection(ExtensibilityGlobals) = postSolution
		SolutionGuid = {FB0488F7-68A2-4937-A98D-3E8D84922A68}
	EndGlobalSection
EndGlobal
